
Microsoft Visual Studio Solution File, Format Version 12.00
# Visual Studio Version 17
VisualStudioVersion = 17.6.33723.286
MinimumVisualStudioVersion = 10.0.40219.1
Project("{FAE04EC0-301F-11D3-BF4B-00C04F79EFBC}") = "Al_Taller.Backend", "Al_Taller.Backend\Al_Taller.Backend.csproj", "{C29308EF-6625-424C-B901-135EE35F8612}"
EndProject
Global
	GlobalSection(SolutionConfigurationPlatforms) = preSolution
		Debug|Any CPU = Debug|Any CPU
		Release|Any CPU = Release|Any CPU
	EndGlobalSection
	GlobalSection(ProjectConfigurationPlatforms) = postSolution
		{C29308EF-6625-424C-B901-135EE35F8612}.Debug|Any CPU.ActiveCfg = Debug|Any CPU
		{C29308EF-6625-424C-B901-135EE35F8612}.Debug|Any CPU.Build.0 = Debug|Any CPU
		{C29308EF-6625-424C-B901-135EE35F8612}.Release|Any CPU.ActiveCfg = Release|Any CPU
		{C29308EF-6625-424C-B901-135EE35F8612}.Release|Any CPU.Build.0 = Release|Any CPU
	EndGlobalSection
	GlobalSection(SolutionProperties) = preSolution
		HideSolutionNode = FALSE
	EndGlobalSection
	GlobalSection(ExtensibilityGlobals) = postSolution
		SolutionGuid = {26BBC861-595F-46EC-AD9E-5A5B0E76C887}
	EndGlobalSection
EndGlobal
